
Microsoft Visual Studio Solution File, Format Version 12.00
# Visual Studio Version 16
VisualStudioVersion = 16.0.31702.278
MinimumVisualStudioVersion = 10.0.40219.1
Project("{FAE04EC0-301F-11D3-BF4B-00C04F79EFBC}") = "OOP_Lab2", "OOP_Lab2\OOP_Lab2.csproj", "{728F1101-CB02-4BD0-8746-0624A512E497}"
EndProject
Global
	GlobalSection(SolutionConfigurationPlatforms) = preSolution
		Debug|Any CPU = Debug|Any CPU
		Release|Any CPU = Release|Any CPU
	EndGlobalSection
	GlobalSection(ProjectConfigurationPlatforms) = postSolution
		{728F1101-CB02-4BD0-8746-0624A512E497}.Debug|Any CPU.ActiveCfg = Debug|Any CPU
		{728F1101-CB02-4BD0-8746-0624A512E497}.Debug|Any CPU.Build.0 = Debug|Any CPU
		{728F1101-CB02-4BD0-8746-0624A512E497}.Release|Any CPU.ActiveCfg = Release|Any CPU
		{728F1101-CB02-4BD0-8746-0624A512E497}.Release|Any CPU.Build.0 = Release|Any CPU
	EndGlobalSection
	GlobalSection(SolutionProperties) = preSolution
		HideSolutionNode = FALSE
	EndGlobalSection
	GlobalSection(ExtensibilityGlobals) = postSolution
		SolutionGuid = {DB0E084E-0514-4E54-A2F9-07F895B8B8C2}
	EndGlobalSection
EndGlobal
