
Microsoft Visual Studio Solution File, Format Version 12.00
# Visual Studio Version 16
VisualStudioVersion = 16.0.31702.278
MinimumVisualStudioVersion = 10.0.40219.1
Project("{FAE04EC0-301F-11D3-BF4B-00C04F79EFBC}") = "OOP_Lab3", "OOP_Lab3\OOP_Lab3.csproj", "{725F8CA9-028C-43DC-BDA2-D0ED3FB81DBF}"
EndProject
Global
	GlobalSection(SolutionConfigurationPlatforms) = preSolution
		Debug|Any CPU = Debug|Any CPU
		Release|Any CPU = Release|Any CPU
	EndGlobalSection
	GlobalSection(ProjectConfigurationPlatforms) = postSolution
		{725F8CA9-028C-43DC-BDA2-D0ED3FB81DBF}.Debug|Any CPU.ActiveCfg = Debug|Any CPU
		{725F8CA9-028C-43DC-BDA2-D0ED3FB81DBF}.Debug|Any CPU.Build.0 = Debug|Any CPU
		{725F8CA9-028C-43DC-BDA2-D0ED3FB81DBF}.Release|Any CPU.ActiveCfg = Release|Any CPU
		{725F8CA9-028C-43DC-BDA2-D0ED3FB81DBF}.Release|Any CPU.Build.0 = Release|Any CPU
	EndGlobalSection
	GlobalSection(SolutionProperties) = preSolution
		HideSolutionNode = FALSE
	EndGlobalSection
	GlobalSection(ExtensibilityGlobals) = postSolution
		SolutionGuid = {92380301-F75F-4A14-A1F9-93874A642180}
	EndGlobalSection
EndGlobal
